Microsoft Visual Studio Solution File, Format Version 12.00
# Visual Studio 2012
Project("{FAE04EC0-301F-11D3-BF4B-00C04F79EFBC}") = "MinecraftChunks", "MinecraftChunks.csproj", "{808DF863-B770-44AC-8C13-80032B5074AF}"
EndProject
Global
	GlobalSection(SolutionConfigurationPlatforms) = preSolution
	Debug|Any CPU = Debug|Any CPU
	ExportDebug|Any CPU = ExportDebug|Any CPU
	ExportRelease|Any CPU = ExportRelease|Any CPU
	EndGlobalSection
	GlobalSection(ProjectConfigurationPlatforms) = postSolution
		{808DF863-B770-44AC-8C13-80032B5074AF}.Debug|Any CPU.ActiveCfg = Debug|Any CPU
		{808DF863-B770-44AC-8C13-80032B5074AF}.Debug|Any CPU.Build.0 = Debug|Any CPU
		{808DF863-B770-44AC-8C13-80032B5074AF}.ExportDebug|Any CPU.ActiveCfg = ExportDebug|Any CPU
		{808DF863-B770-44AC-8C13-80032B5074AF}.ExportDebug|Any CPU.Build.0 = ExportDebug|Any CPU
		{808DF863-B770-44AC-8C13-80032B5074AF}.ExportRelease|Any CPU.ActiveCfg = ExportRelease|Any CPU
		{808DF863-B770-44AC-8C13-80032B5074AF}.ExportRelease|Any CPU.Build.0 = ExportRelease|Any CPU
	EndGlobalSection
EndGlobal
